
Microsoft Visual Studio Solution File, Format Version 12.00
# Visual Studio Version 16
VisualStudioVersion = 16.0.33214.272
MinimumVisualStudioVersion = 10.0.40219.1
Project("{FAE04EC0-301F-11D3-BF4B-00C04F79EFBC}") = "Demo.StudExer.Android", "Demo.StudExer\Demo.StudExer.Android\Demo.StudExer.Android.csproj", "{33E8D34E-A767-4CCA-A898-3107154A82A2}"
EndProject
Project("{FAE04EC0-301F-11D3-BF4B-00C04F79EFBC}") = "Demo.StudExer.iOS", "Demo.StudExer\Demo.StudExer.iOS\Demo.StudExer.iOS.csproj", "{710AE893-968F-476E-B704-97F2895DA1CC}"
EndProject
Project("{FAE04EC0-301F-11D3-BF4B-00C04F79EFBC}") = "Demo.StudExer", "Demo.StudExer\Demo.StudExer\Demo.StudExer.csproj", "{637DA216-1CBD-4B88-BDE0-DD10AA909BB5}"
EndProject
Global
	GlobalSection(SolutionConfigurationPlatforms) = preSolution
		Debug|Any CPU = Debug|Any CPU
		Debug|iPhone = Debug|iPhone
		Debug|iPhoneSimulator = Debug|iPhoneSimulator
		Release|Any CPU = Release|Any CPU
		Release|iPhone = Release|iPhone
		Release|iPhoneSimulator = Release|iPhoneSimulator
	EndGlobalSection
	GlobalSection(ProjectConfigurationPlatforms) = postSolution
		{33E8D34E-A767-4CCA-A898-3107154A82A2}.Debug|Any CPU.ActiveCfg = Debug|Any CPU
		{33E8D34E-A767-4CCA-A898-3107154A82A2}.Debug|Any CPU.Build.0 = Debug|Any CPU
		{33E8D34E-A767-4CCA-A898-3107154A82A2}.Debug|Any CPU.Deploy.0 = Debug|Any CPU
		{33E8D34E-A767-4CCA-A898-3107154A82A2}.Debug|iPhone.ActiveCfg = Debug|Any CPU
		{33E8D34E-A767-4CCA-A898-3107154A82A2}.Debug|iPhone.Build.0 = Debug|Any CPU
		{33E8D34E-A767-4CCA-A898-3107154A82A2}.Debug|iPhone.Deploy.0 = Debug|Any CPU
		{33E8D34E-A767-4CCA-A898-3107154A82A2}.Debug|iPhoneSimulator.ActiveCfg = Debug|Any CPU
		{33E8D34E-A767-4CCA-A898-3107154A82A2}.Debug|iPhoneSimulator.Build.0 = Debug|Any CPU
		{33E8D34E-A767-4CCA-A898-3107154A82A2}.Debug|iPhoneSimulator.Deploy.0 = Debug|Any CPU
		{33E8D34E-A767-4CCA-A898-3107154A82A2}.Release|Any CPU.ActiveCfg = Release|Any CPU
		{33E8D34E-A767-4CCA-A898-3107154A82A2}.Release|Any CPU.Build.0 = Release|Any CPU
		{33E8D34E-A767-4CCA-A898-3107154A82A2}.Release|Any CPU.Deploy.0 = Release|Any CPU
		{33E8D34E-A767-4CCA-A898-3107154A82A2}.Release|iPhone.ActiveCfg = Release|Any CPU
		{33E8D34E-A767-4CCA-A898-3107154A82A2}.Release|iPhone.Build.0 = Release|Any CPU
		{33E8D34E-A767-4CCA-A898-3107154A82A2}.Release|iPhone.Deploy.0 = Release|Any CPU
		{33E8D34E-A767-4CCA-A898-3107154A82A2}.Release|iPhoneSimulator.ActiveCfg = Release|Any CPU
		{33E8D34E-A767-4CCA-A898-3107154A82A2}.Release|iPhoneSimulator.Build.0 = Release|Any CPU
		{33E8D34E-A767-4CCA-A898-3107154A82A2}.Release|iPhoneSimulator.Deploy.0 = Release|Any CPU
		{710AE893-968F-476E-B704-97F2895DA1CC}.Debug|Any CPU.ActiveCfg = Debug|iPhone
		{710AE893-968F-476E-B704-97F2895DA1CC}.Debug|Any CPU.Build.0 = Debug|iPhone
		{710AE893-968F-476E-B704-97F2895DA1CC}.Debug|Any CPU.Deploy.0 = Debug|iPhone
		{710AE893-968F-476E-B704-97F2895DA1CC}.Debug|iPhone.ActiveCfg = Debug|iPhone
		{710AE893-968F-476E-B704-97F2895DA1CC}.Debug|iPhone.Build.0 = Debug|iPhone
		{710AE893-968F-476E-B704-97F2895DA1CC}.Debug|iPhone.Deploy.0 = Debug|iPhone
		{710AE893-968F-476E-B704-97F2895DA1CC}.Debug|iPhoneSimulator.ActiveCfg = Debug|iPhoneSimulator
		{710AE893-968F-476E-B704-97F2895DA1CC}.Debug|iPhoneSimulator.Build.0 = Debug|iPhoneSimulator
		{710AE893-968F-476E-B704-97F2895DA1CC}.Debug|iPhoneSimulator.Deploy.0 = Debug|iPhoneSimulator
		{710AE893-968F-476E-B704-97F2895DA1CC}.Release|Any CPU.ActiveCfg = Release|iPhoneSimulator
		{710AE893-968F-476E-B704-97F2895DA1CC}.Release|Any CPU.Build.0 = Release|iPhoneSimulator
		{710AE893-968F-476E-B704-97F2895DA1CC}.Release|Any CPU.Deploy.0 = Release|iPhoneSimulator
		{710AE893-968F-476E-B704-97F2895DA1CC}.Release|iPhone.ActiveCfg = Release|iPhone
		{710AE893-968F-476E-B704-97F2895DA1CC}.Release|iPhone.Build.0 = Release|iPhone
		{710AE893-968F-476E-B704-97F2895DA1CC}.Release|iPhone.Deploy.0 = Release|iPhone
		{710AE893-968F-476E-B704-97F2895DA1CC}.Release|iPhoneSimulator.ActiveCfg = Release|iPhoneSimulator
		{710AE893-968F-476E-B704-97F2895DA1CC}.Release|iPhoneSimulator.Build.0 = Release|iPhoneSimulator
		{710AE893-968F-476E-B704-97F2895DA1CC}.Release|iPhoneSimulator.Deploy.0 = Release|iPhoneSimulator
		{637DA216-1CBD-4B88-BDE0-DD10AA909BB5}.Debug|Any CPU.ActiveCfg = Debug|Any CPU
		{637DA216-1CBD-4B88-BDE0-DD10AA909BB5}.Debug|Any CPU.Build.0 = Debug|Any CPU
		{637DA216-1CBD-4B88-BDE0-DD10AA909BB5}.Debug|Any CPU.Deploy.0 = Debug|Any CPU
		{637DA216-1CBD-4B88-BDE0-DD10AA909BB5}.Debug|iPhone.ActiveCfg = Debug|Any CPU
		{637DA216-1CBD-4B88-BDE0-DD10AA909BB5}.Debug|iPhone.Build.0 = Debug|Any CPU
		{637DA216-1CBD-4B88-BDE0-DD10AA909BB5}.Debug|iPhone.Deploy.0 = Debug|Any CPU
		{637DA216-1CBD-4B88-BDE0-DD10AA909BB5}.Debug|iPhoneSimulator.ActiveCfg = Debug|Any CPU
		{637DA216-1CBD-4B88-BDE0-DD10AA909BB5}.Debug|iPhoneSimulator.Build.0 = Debug|Any CPU
		{637DA216-1CBD-4B88-BDE0-DD10AA909BB5}.Debug|iPhoneSimulator.Deploy.0 = Debug|Any CPU
		{637DA216-1CBD-4B88-BDE0-DD10AA909BB5}.Release|Any CPU.ActiveCfg = Release|Any CPU
		{637DA216-1CBD-4B88-BDE0-DD10AA909BB5}.Release|Any CPU.Build.0 = Release|Any CPU
		{637DA216-1CBD-4B88-BDE0-DD10AA909BB5}.Release|Any CPU.Deploy.0 = Release|Any CPU
		{637DA216-1CBD-4B88-BDE0-DD10AA909BB5}.Release|iPhone.ActiveCfg = Release|Any CPU
		{637DA216-1CBD-4B88-BDE0-DD10AA909BB5}.Release|iPhone.Build.0 = Release|Any CPU
		{637DA216-1CBD-4B88-BDE0-DD10AA909BB5}.Release|iPhone.Deploy.0 = Release|Any CPU
		{637DA216-1CBD-4B88-BDE0-DD10AA909BB5}.Release|iPhoneSimulator.ActiveCfg = Release|Any CPU
		{637DA216-1CBD-4B88-BDE0-DD10AA909BB5}.Release|iPhoneSimulator.Build.0 = Release|Any CPU
		{637DA216-1CBD-4B88-BDE0-DD10AA909BB5}.Release|iPhoneSimulator.Deploy.0 = Release|Any CPU
	EndGlobalSection
	GlobalSection(SolutionProperties) = preSolution
		HideSolutionNode = FALSE
	EndGlobalSection
	GlobalSection(ExtensibilityGlobals) = postSolution
		SolutionGuid = {1EB1378D-7455-4CBB-953A-CA55B4DF9FC7}
	EndGlobalSection
EndGlobal
